{
  "version": 4,
  "terraform_version": "0.13.0",
  "serial": 9,
  "lineage": "151befc6-f62a-9f63-244e-ace6329716ce",
  "outputs": {},
  "resources": [
    {
      "mode": "managed",
      "type": "azurerm_network_interface",
      "name": "nic",
      "provider": "provider[\"registry.terraform.io/hashicorp/azurerm\"]",
      "instances": [
        {
          "schema_version": 0,
          "attributes": {
            "applied_dns_servers": [],
            "dns_servers": [],
            "enable_accelerated_networking": false,
            "enable_ip_forwarding": false,
            "id": "/subscriptions/1281e827-770d-456f-8a4f-44359dd7ea13/resourceGroups/CenUS-RG/providers/Microsoft.Network/networkInterfaces/CenUS-NIC",
            "internal_dns_name_label": "",
            "internal_domain_name_suffix": "mvbp1r4j4z0upemoorlpmkhiof.gx.internal.cloudapp.net",
            "ip_configuration": [
              {
                "name": "CenUS-IPCONFIG",
                "primary": true,
                "private_ip_address": "10.190.194.20",
                "private_ip_address_allocation": "Dynamic",
                "private_ip_address_version": "IPv4",
                "public_ip_address_id": "/subscriptions/1281e827-770d-456f-8a4f-44359dd7ea13/resourceGroups/CenUS-RG/providers/Microsoft.Network/publicIPAddresses/CenUS-PIP",
                "subnet_id": "/subscriptions/1281e827-770d-456f-8a4f-44359dd7ea13/resourceGroups/CenUS-RG/providers/Microsoft.Network/virtualNetworks/CenUS-VNET/subnets/testingsubnet01"
              }
            ],
            "location": "centralus",
            "mac_address": "",
            "name": "CenUS-NIC",
            "private_ip_address": "10.190.194.20",
            "private_ip_addresses": [
              "10.190.194.20"
            ],
            "resource_group_name": "CenUS-RG",
            "tags": null,
            "timeouts": null,
            "virtual_machine_id": ""
          },
          "private": "eyJlMmJmYjczMC1lY2FhLTExZTYtOGY4OC0zNDM2M2JjN2M0YzAiOnsiY3JlYXRlIjoxODAwMDAwMDAwMDAwLCJkZWxldGUiOjE4MDAwMDAwMDAwMDAsInJlYWQiOjMwMDAwMDAwMDAwMCwidXBkYXRlIjoxODAwMDAwMDAwMDAwfX0=",
          "dependencies": [
            "azurerm_public_ip.pip",
            "azurerm_resource_group.rges",
            "azurerm_subnet.subnetv1",
            "azurerm_virtual_network.vnet"
          ]
        }
      ]
    },
    {
      "mode": "managed",
      "type": "azurerm_network_interface_security_group_association",
      "name": "assign_nsg",
      "provider": "provider[\"registry.terraform.io/hashicorp/azurerm\"]",
      "instances": [
        {
          "schema_version": 0,
          "attributes": {
            "id": "/subscriptions/1281e827-770d-456f-8a4f-44359dd7ea13/resourceGroups/CenUS-RG/providers/Microsoft.Network/networkInterfaces/CenUS-NIC|/subscriptions/1281e827-770d-456f-8a4f-44359dd7ea13/resourceGroups/CenUS-RG/providers/Microsoft.Network/networkSecurityGroups/acceptanceTestSecurityGroup1",
            "network_interface_id": "/subscriptions/1281e827-770d-456f-8a4f-44359dd7ea13/resourceGroups/CenUS-RG/providers/Microsoft.Network/networkInterfaces/CenUS-NIC",
            "network_security_group_id": "/subscriptions/1281e827-770d-456f-8a4f-44359dd7ea13/resourceGroups/CenUS-RG/providers/Microsoft.Network/networkSecurityGroups/acceptanceTestSecurityGroup1",
            "timeouts": null
          },
          "private": "eyJlMmJmYjczMC1lY2FhLTExZTYtOGY4OC0zNDM2M2JjN2M0YzAiOnsiY3JlYXRlIjoxODAwMDAwMDAwMDAwLCJkZWxldGUiOjE4MDAwMDAwMDAwMDAsInJlYWQiOjMwMDAwMDAwMDAwMCwidXBkYXRlIjoxODAwMDAwMDAwMDAwfX0=",
          "dependencies": [
            "azurerm_network_interface.nic",
            "azurerm_network_security_group.nsg",
            "azurerm_public_ip.pip",
            "azurerm_resource_group.rges",
            "azurerm_subnet.subnetv1",
            "azurerm_virtual_network.vnet"
          ]
        }
      ]
    },
    {
      "mode": "managed",
      "type": "azurerm_network_security_group",
      "name": "nsg",
      "provider": "provider[\"registry.terraform.io/hashicorp/azurerm\"]",
      "instances": [
        {
          "schema_version": 0,
          "attributes": {
            "id": "/subscriptions/1281e827-770d-456f-8a4f-44359dd7ea13/resourceGroups/CenUS-RG/providers/Microsoft.Network/networkSecurityGroups/acceptanceTestSecurityGroup1",
            "location": "centralus",
            "name": "acceptanceTestSecurityGroup1",
            "resource_group_name": "CenUS-RG",
            "security_rule": [
              {
                "access": "Allow",
                "description": "",
                "destination_address_prefix": "*",
                "destination_address_prefixes": [],
                "destination_application_security_group_ids": [],
                "destination_port_range": "*",
                "destination_port_ranges": [],
                "direction": "Inbound",
                "name": "RDP-Allow",
                "priority": 200,
                "protocol": "Tcp",
                "source_address_prefix": "122.171.102.142",
                "source_address_prefixes": [],
                "source_application_security_group_ids": [],
                "source_port_range": "*",
                "source_port_ranges": []
              }
            ],
            "tags": {
              "Buildby": "Rahul Sharma",
              "Builddate": "01-06-2021",
              "environment": "TEST"
            },
            "timeouts": null
          },
          "private": "eyJlMmJmYjczMC1lY2FhLTExZTYtOGY4OC0zNDM2M2JjN2M0YzAiOnsiY3JlYXRlIjoxODAwMDAwMDAwMDAwLCJkZWxldGUiOjE4MDAwMDAwMDAwMDAsInJlYWQiOjMwMDAwMDAwMDAwMCwidXBkYXRlIjoxODAwMDAwMDAwMDAwfX0=",
          "dependencies": [
            "azurerm_resource_group.rges"
          ]
        }
      ]
    },
    {
      "mode": "managed",
      "type": "azurerm_public_ip",
      "name": "pip",
      "provider": "provider[\"registry.terraform.io/hashicorp/azurerm\"]",
      "instances": [
        {
          "schema_version": 0,
          "attributes": {
            "allocation_method": "Static",
            "domain_name_label": null,
            "fqdn": null,
            "id": "/subscriptions/1281e827-770d-456f-8a4f-44359dd7ea13/resourceGroups/CenUS-RG/providers/Microsoft.Network/publicIPAddresses/CenUS-PIP",
            "idle_timeout_in_minutes": 4,
            "ip_address": "52.141.220.90",
            "ip_tags": null,
            "ip_version": "IPv4",
            "location": "centralus",
            "name": "CenUS-PIP",
            "public_ip_prefix_id": null,
            "resource_group_name": "CenUS-RG",
            "reverse_fqdn": null,
            "sku": "Standard",
            "tags": {
              "Buildby": "Rahul Sharma",
              "Builddate": "01-06-2021",
              "environment": "TEST"
            },
            "timeouts": null,
            "zones": null
          },
          "private": "eyJlMmJmYjczMC1lY2FhLTExZTYtOGY4OC0zNDM2M2JjN2M0YzAiOnsiY3JlYXRlIjoxODAwMDAwMDAwMDAwLCJkZWxldGUiOjE4MDAwMDAwMDAwMDAsInJlYWQiOjMwMDAwMDAwMDAwMCwidXBkYXRlIjoxODAwMDAwMDAwMDAwfX0=",
          "dependencies": [
            "azurerm_resource_group.rges"
          ]
        }
      ]
    },
    {
      "mode": "managed",
      "type": "azurerm_resource_group",
      "name": "rges",
      "provider": "provider[\"registry.terraform.io/hashicorp/azurerm\"]",
      "instances": [
        {
          "schema_version": 0,
          "attributes": {
            "id": "/subscriptions/1281e827-770d-456f-8a4f-44359dd7ea13/resourceGroups/CenUS-RG",
            "location": "centralus",
            "name": "CenUS-RG",
            "tags": {
              "Buildby": "Rahul Sharma",
              "Builddate": "01-06-2021",
              "environment": "TEST"
            },
            "timeouts": null
          },
          "private": "eyJlMmJmYjczMC1lY2FhLTExZTYtOGY4OC0zNDM2M2JjN2M0YzAiOnsiY3JlYXRlIjo1NDAwMDAwMDAwMDAwLCJkZWxldGUiOjU0MDAwMDAwMDAwMDAsInJlYWQiOjMwMDAwMDAwMDAwMCwidXBkYXRlIjo1NDAwMDAwMDAwMDAwfX0="
        }
      ]
    },
    {
      "mode": "managed",
      "type": "azurerm_subnet",
      "name": "subnetv1",
      "provider": "provider[\"registry.terraform.io/hashicorp/azurerm\"]",
      "instances": [
        {
          "schema_version": 0,
          "attributes": {
            "address_prefix": "10.190.194.16/28",
            "address_prefixes": [
              "10.190.194.16/28"
            ],
            "delegation": [],
            "enforce_private_link_endpoint_network_policies": false,
            "enforce_private_link_service_network_policies": false,
            "id": "/subscriptions/1281e827-770d-456f-8a4f-44359dd7ea13/resourceGroups/CenUS-RG/providers/Microsoft.Network/virtualNetworks/CenUS-VNET/subnets/testingsubnet01",
            "name": "testingsubnet01",
            "resource_group_name": "CenUS-RG",
            "service_endpoint_policy_ids": null,
            "service_endpoints": null,
            "timeouts": null,
            "virtual_network_name": "CenUS-VNET"
          },
          "private": "eyJlMmJmYjczMC1lY2FhLTExZTYtOGY4OC0zNDM2M2JjN2M0YzAiOnsiY3JlYXRlIjoxODAwMDAwMDAwMDAwLCJkZWxldGUiOjE4MDAwMDAwMDAwMDAsInJlYWQiOjMwMDAwMDAwMDAwMCwidXBkYXRlIjoxODAwMDAwMDAwMDAwfX0=",
          "dependencies": [
            "azurerm_resource_group.rges",
            "azurerm_virtual_network.vnet"
          ]
        }
      ]
    },
    {
      "mode": "managed",
      "type": "azurerm_virtual_network",
      "name": "vnet",
      "provider": "provider[\"registry.terraform.io/hashicorp/azurerm\"]",
      "instances": [
        {
          "schema_version": 0,
          "attributes": {
            "address_space": [
              "10.190.192.0/22"
            ],
            "bgp_community": "",
            "ddos_protection_plan": [],
            "dns_servers": null,
            "guid": "c7fd4265-f6c9-4775-918e-7456f628e875",
            "id": "/subscriptions/1281e827-770d-456f-8a4f-44359dd7ea13/resourceGroups/CenUS-RG/providers/Microsoft.Network/virtualNetworks/CenUS-VNET",
            "location": "centralus",
            "name": "CenUS-VNET",
            "resource_group_name": "CenUS-RG",
            "subnet": [],
            "tags": {
              "Buildby": "Rahul Sharma",
              "Builddate": "01-06-2021",
              "environment": "TEST"
            },
            "timeouts": null,
            "vm_protection_enabled": false
          },
          "private": "eyJlMmJmYjczMC1lY2FhLTExZTYtOGY4OC0zNDM2M2JjN2M0YzAiOnsiY3JlYXRlIjoxODAwMDAwMDAwMDAwLCJkZWxldGUiOjE4MDAwMDAwMDAwMDAsInJlYWQiOjMwMDAwMDAwMDAwMCwidXBkYXRlIjoxODAwMDAwMDAwMDAwfX0=",
          "dependencies": [
            "azurerm_resource_group.rges"
          ]
        }
      ]
    },
    {
      "mode": "managed",
      "type": "azurerm_windows_virtual_machine",
      "name": "vm",
      "provider": "provider[\"registry.terraform.io/hashicorp/azurerm\"]",
      "instances": [
        {
          "schema_version": 0,
          "attributes": {
            "additional_capabilities": [],
            "additional_unattend_content": [],
            "admin_password": "Welcome@12345",
            "admin_username": "adminuser",
            "allow_extension_operations": true,
            "availability_set_id": "",
            "boot_diagnostics": [],
            "computer_name": "CenUS-VM",
            "custom_data": null,
            "dedicated_host_id": "",
            "enable_automatic_updates": true,
            "encryption_at_host_enabled": false,
            "eviction_policy": "",
            "extensions_time_budget": "PT1H30M",
            "id": "/subscriptions/1281e827-770d-456f-8a4f-44359dd7ea13/resourceGroups/CenUS-RG/providers/Microsoft.Compute/virtualMachines/CenUS-VM",
            "identity": [],
            "license_type": "",
            "location": "centralus",
            "max_bid_price": -1,
            "name": "CenUS-VM",
            "network_interface_ids": [
              "/subscriptions/1281e827-770d-456f-8a4f-44359dd7ea13/resourceGroups/CenUS-RG/providers/Microsoft.Network/networkInterfaces/CenUS-NIC"
            ],
            "os_disk": [
              {
                "caching": "ReadWrite",
                "diff_disk_settings": [],
                "disk_encryption_set_id": "",
                "disk_size_gb": 127,
                "name": "CenUS-OSD",
                "storage_account_type": "Standard_LRS",
                "write_accelerator_enabled": false
              }
            ],
            "patch_mode": "AutomaticByOS",
            "plan": [],
            "platform_fault_domain": -1,
            "priority": "Regular",
            "private_ip_address": "10.190.194.20",
            "private_ip_addresses": [
              "10.190.194.20"
            ],
            "provision_vm_agent": true,
            "proximity_placement_group_id": "",
            "public_ip_address": "52.141.220.90",
            "public_ip_addresses": [
              "52.141.220.90"
            ],
            "resource_group_name": "CenUS-RG",
            "secret": [],
            "size": "Standard_F2",
            "source_image_id": "",
            "source_image_reference": [
              {
                "offer": "WindowsServer",
                "publisher": "MicrosoftWindowsServer",
                "sku": "2016-Datacenter",
                "version": "latest"
              }
            ],
            "tags": null,
            "timeouts": null,
            "timezone": "",
            "virtual_machine_id": "0644780c-6b29-40db-a196-48784f5180b0",
            "virtual_machine_scale_set_id": "",
            "winrm_listener": [],
            "zone": ""
          },
          "private": "eyJlMmJmYjczMC1lY2FhLTExZTYtOGY4OC0zNDM2M2JjN2M0YzAiOnsiY3JlYXRlIjoyNzAwMDAwMDAwMDAwLCJkZWxldGUiOjI3MDAwMDAwMDAwMDAsInJlYWQiOjMwMDAwMDAwMDAwMCwidXBkYXRlIjoyNzAwMDAwMDAwMDAwfX0=",
          "dependencies": [
            "azurerm_network_interface.nic",
            "azurerm_public_ip.pip",
            "azurerm_resource_group.rges",
            "azurerm_subnet.subnetv1",
            "azurerm_virtual_network.vnet"
          ]
        }
      ]
    }
  ]
}
