{
  "version": 4,
  "terraform_version": "0.13.0",
  "serial": 3,
  "lineage": "94d7acc6-3774-905d-7831-47935d8b935d",
  "outputs": {},
  "resources": [
    {
      "mode": "data",
      "type": "azurerm_resource_group",
      "name": "rg",
      "provider": "provider[\"registry.terraform.io/hashicorp/azurerm\"]",
      "instances": [
        {
          "schema_version": 0,
          "attributes": {
            "id": "/subscriptions/1281e827-770d-456f-8a4f-44359dd7ea13/resourceGroups/WEST-US-RG",
            "location": "westus",
            "name": "WEST-US-RG",
            "tags": {
              "Buildby": "Rahul Sharma",
              "Builddate": "01-06-2021",
              "environment": "TEST"
            },
            "timeouts": null
          }
        }
      ]
    },
    {
      "mode": "managed",
      "type": "azurerm_subnet",
      "name": "subnetv1",
      "provider": "provider[\"registry.terraform.io/hashicorp/azurerm\"]",
      "instances": [
        {
          "schema_version": 0,
          "attributes": {
            "address_prefix": "10.190.192.16/28",
            "address_prefixes": [
              "10.190.192.16/28"
            ],
            "delegation": [],
            "enforce_private_link_endpoint_network_policies": false,
            "enforce_private_link_service_network_policies": false,
            "id": "/subscriptions/1281e827-770d-456f-8a4f-44359dd7ea13/resourceGroups/WEST-US-RG/providers/Microsoft.Network/virtualNetworks/TEST-VNET/subnets/testingsubnet01",
            "name": "testingsubnet01",
            "resource_group_name": "WEST-US-RG",
            "service_endpoint_policy_ids": null,
            "service_endpoints": null,
            "timeouts": null,
            "virtual_network_name": "TEST-VNET"
          },
          "private": "eyJlMmJmYjczMC1lY2FhLTExZTYtOGY4OC0zNDM2M2JjN2M0YzAiOnsiY3JlYXRlIjoxODAwMDAwMDAwMDAwLCJkZWxldGUiOjE4MDAwMDAwMDAwMDAsInJlYWQiOjMwMDAwMDAwMDAwMCwidXBkYXRlIjoxODAwMDAwMDAwMDAwfX0=",
          "dependencies": [
            "azurerm_virtual_network.vnet",
            "data.azurerm_resource_group.rg"
          ]
        }
      ]
    },
    {
      "mode": "managed",
      "type": "azurerm_virtual_network",
      "name": "vnet",
      "provider": "provider[\"registry.terraform.io/hashicorp/azurerm\"]",
      "instances": [
        {
          "schema_version": 0,
          "attributes": {
            "address_space": [
              "10.190.192.0/22"
            ],
            "bgp_community": "",
            "ddos_protection_plan": [],
            "dns_servers": null,
            "guid": "c5a27d35-ac47-43b0-8301-3104f613ac9a",
            "id": "/subscriptions/1281e827-770d-456f-8a4f-44359dd7ea13/resourceGroups/WEST-US-RG/providers/Microsoft.Network/virtualNetworks/TEST-VNET",
            "location": "westus",
            "name": "TEST-VNET",
            "resource_group_name": "WEST-US-RG",
            "subnet": [],
            "tags": {
              "Date": "01-06-2021",
              "buildby": "RahulSharma",
              "buildtool": "terraform"
            },
            "timeouts": null,
            "vm_protection_enabled": false
          },
          "private": "eyJlMmJmYjczMC1lY2FhLTExZTYtOGY4OC0zNDM2M2JjN2M0YzAiOnsiY3JlYXRlIjoxODAwMDAwMDAwMDAwLCJkZWxldGUiOjE4MDAwMDAwMDAwMDAsInJlYWQiOjMwMDAwMDAwMDAwMCwidXBkYXRlIjoxODAwMDAwMDAwMDAwfX0=",
          "dependencies": [
            "data.azurerm_resource_group.rg"
          ]
        }
      ]
    }
  ]
}
