{
  "version": 4,
  "terraform_version": "0.13.0",
  "serial": 33,
  "lineage": "151befc6-f62a-9f63-244e-ace6329716ce",
  "outputs": {},
  "resources": [
    {
      "mode": "managed",
      "type": "azurerm_resource_group",
      "name": "rges",
      "provider": "provider[\"registry.terraform.io/hashicorp/azurerm\"]",
      "instances": [
        {
          "schema_version": 0,
          "attributes": {
            "id": "/subscriptions/1281e827-770d-456f-8a4f-44359dd7ea13/resourceGroups/CenUS-RG",
            "location": "centralus",
            "name": "CenUS-RG",
            "tags": {
              "Buildby": "Rahul Sharma",
              "Builddate": "01-06-2021",
              "environment": "TEST"
            },
            "timeouts": null
          },
          "private": "eyJlMmJmYjczMC1lY2FhLTExZTYtOGY4OC0zNDM2M2JjN2M0YzAiOnsiY3JlYXRlIjo1NDAwMDAwMDAwMDAwLCJkZWxldGUiOjU0MDAwMDAwMDAwMDAsInJlYWQiOjMwMDAwMDAwMDAwMCwidXBkYXRlIjo1NDAwMDAwMDAwMDAwfX0="
        }
      ]
    },
    {
      "mode": "managed",
      "type": "azurerm_sql_database",
      "name": "sqldb",
      "provider": "provider[\"registry.terraform.io/hashicorp/azurerm\"]",
      "instances": [
        {
          "schema_version": 0,
          "attributes": {
            "collation": "SQL_Latin1_General_CP1_CI_AS",
            "create_mode": "Default",
            "creation_date": "2021-06-07T08:07:48.857Z",
            "default_secondary_location": "East US 2",
            "edition": "GeneralPurpose",
            "elastic_pool_name": "",
            "encryption": "",
            "extended_auditing_policy": [
              {
                "log_monitoring_enabled": true,
                "retention_in_days": 6,
                "storage_account_access_key": "yOIgsR4VJgrz3ienU5dDrv95hDx7iUMbTEkH/JgmDtOI6O7dullQPJh5hPNU3dRFypm+4xKHJjjIMNsADSw9GA==",
                "storage_account_access_key_is_secondary": true,
                "storage_endpoint": "https://scenusa.blob.core.windows.net/"
              }
            ],
            "id": "/subscriptions/1281e827-770d-456f-8a4f-44359dd7ea13/resourceGroups/CenUS-RG/providers/Microsoft.Sql/servers/sqlcenusserver/databases/sqlcenusdb",
            "import": [],
            "location": "centralus",
            "max_size_bytes": "34359738368",
            "max_size_gb": null,
            "name": "sqlcenusdb",
            "read_scale": false,
            "requested_service_objective_id": "f21733ad-9b9b-4d4e-a4fa-94a133c41718",
            "requested_service_objective_name": "GP_Gen5_2",
            "resource_group_name": "CenUS-RG",
            "restore_point_in_time": null,
            "server_name": "sqlcenusserver",
            "source_database_deletion_date": null,
            "source_database_id": null,
            "tags": {
              "Buildby": "Rahul Sharma",
              "Builddate": "01-06-2021",
              "environment": "TEST"
            },
            "threat_detection_policy": [
              {
                "disabled_alerts": [],
                "email_account_admins": "Disabled",
                "email_addresses": [],
                "retention_days": 0,
                "state": "Disabled",
                "storage_account_access_key": "",
                "storage_endpoint": "",
                "use_server_default": "Disabled"
              }
            ],
            "timeouts": null,
            "zone_redundant": false
          },
          "private": "eyJlMmJmYjczMC1lY2FhLTExZTYtOGY4OC0zNDM2M2JjN2M0YzAiOnsiY3JlYXRlIjozNjAwMDAwMDAwMDAwLCJkZWxldGUiOjM2MDAwMDAwMDAwMDAsInJlYWQiOjMwMDAwMDAwMDAwMCwidXBkYXRlIjozNjAwMDAwMDAwMDAwfX0=",
          "dependencies": [
            "azurerm_resource_group.rges",
            "azurerm_sql_server.sqlserver",
            "azurerm_storage_account.sa"
          ]
        }
      ]
    },
    {
      "mode": "managed",
      "type": "azurerm_sql_server",
      "name": "sqlserver",
      "provider": "provider[\"registry.terraform.io/hashicorp/azurerm\"]",
      "instances": [
        {
          "schema_version": 0,
          "attributes": {
            "administrator_login": "adminuser",
            "administrator_login_password": "Welcome@12345",
            "connection_policy": "Default",
            "extended_auditing_policy": [],
            "fully_qualified_domain_name": "sqlcenusserver.database.windows.net",
            "id": "/subscriptions/1281e827-770d-456f-8a4f-44359dd7ea13/resourceGroups/CenUS-RG/providers/Microsoft.Sql/servers/sqlcenusserver",
            "identity": [],
            "location": "centralus",
            "name": "sqlcenusserver",
            "resource_group_name": "CenUS-RG",
            "tags": {
              "Buildby": "Rahul Sharma",
              "Builddate": "01-06-2021",
              "environment": "TEST"
            },
            "timeouts": null,
            "version": "12.0"
          },
          "private": "eyJlMmJmYjczMC1lY2FhLTExZTYtOGY4OC0zNDM2M2JjN2M0YzAiOnsiY3JlYXRlIjozNjAwMDAwMDAwMDAwLCJkZWxldGUiOjM2MDAwMDAwMDAwMDAsInJlYWQiOjMwMDAwMDAwMDAwMCwidXBkYXRlIjozNjAwMDAwMDAwMDAwfX0=",
          "dependencies": [
            "azurerm_resource_group.rges"
          ]
        }
      ]
    },
    {
      "mode": "managed",
      "type": "azurerm_storage_account",
      "name": "sa",
      "provider": "provider[\"registry.terraform.io/hashicorp/azurerm\"]",
      "instances": [
        {
          "schema_version": 2,
          "attributes": {
            "access_tier": "Hot",
            "account_kind": "StorageV2",
            "account_replication_type": "LRS",
            "account_tier": "Standard",
            "allow_blob_public_access": false,
            "azure_files_authentication": [],
            "blob_properties": [
              {
                "change_feed_enabled": false,
                "container_delete_retention_policy": [],
                "cors_rule": [],
                "default_service_version": "",
                "delete_retention_policy": [],
                "last_access_time_enabled": false,
                "versioning_enabled": false
              }
            ],
            "custom_domain": [],
            "enable_https_traffic_only": true,
            "id": "/subscriptions/1281e827-770d-456f-8a4f-44359dd7ea13/resourceGroups/CenUS-RG/providers/Microsoft.Storage/storageAccounts/scenusa",
            "identity": [],
            "is_hns_enabled": false,
            "large_file_share_enabled": null,
            "location": "centralus",
            "min_tls_version": "TLS1_0",
            "name": "scenusa",
            "network_rules": [
              {
                "bypass": [
                  "AzureServices"
                ],
                "default_action": "Allow",
                "ip_rules": [],
                "private_link_access": [],
                "virtual_network_subnet_ids": []
              }
            ],
            "nfsv3_enabled": false,
            "primary_access_key": "yOIgsR4VJgrz3ienU5dDrv95hDx7iUMbTEkH/JgmDtOI6O7dullQPJh5hPNU3dRFypm+4xKHJjjIMNsADSw9GA==",
            "primary_blob_connection_string": "DefaultEndpointsProtocol=https;BlobEndpoint=https://scenusa.blob.core.windows.net/;AccountName=scenusa;AccountKey=yOIgsR4VJgrz3ienU5dDrv95hDx7iUMbTEkH/JgmDtOI6O7dullQPJh5hPNU3dRFypm+4xKHJjjIMNsADSw9GA==",
            "primary_blob_endpoint": "https://scenusa.blob.core.windows.net/",
            "primary_blob_host": "scenusa.blob.core.windows.net",
            "primary_connection_string": "DefaultEndpointsProtocol=https;AccountName=scenusa;AccountKey=yOIgsR4VJgrz3ienU5dDrv95hDx7iUMbTEkH/JgmDtOI6O7dullQPJh5hPNU3dRFypm+4xKHJjjIMNsADSw9GA==;EndpointSuffix=core.windows.net",
            "primary_dfs_endpoint": "https://scenusa.dfs.core.windows.net/",
            "primary_dfs_host": "scenusa.dfs.core.windows.net",
            "primary_file_endpoint": "https://scenusa.file.core.windows.net/",
            "primary_file_host": "scenusa.file.core.windows.net",
            "primary_location": "centralus",
            "primary_queue_endpoint": "https://scenusa.queue.core.windows.net/",
            "primary_queue_host": "scenusa.queue.core.windows.net",
            "primary_table_endpoint": "https://scenusa.table.core.windows.net/",
            "primary_table_host": "scenusa.table.core.windows.net",
            "primary_web_endpoint": "https://scenusa.z19.web.core.windows.net/",
            "primary_web_host": "scenusa.z19.web.core.windows.net",
            "queue_properties": [
              {
                "cors_rule": [],
                "hour_metrics": [
                  {
                    "enabled": true,
                    "include_apis": true,
                    "retention_policy_days": 7,
                    "version": "1.0"
                  }
                ],
                "logging": [
                  {
                    "delete": false,
                    "read": false,
                    "retention_policy_days": 0,
                    "version": "1.0",
                    "write": false
                  }
                ],
                "minute_metrics": [
                  {
                    "enabled": false,
                    "include_apis": false,
                    "retention_policy_days": 0,
                    "version": "1.0"
                  }
                ]
              }
            ],
            "resource_group_name": "CenUS-RG",
            "routing": [],
            "secondary_access_key": "lorLNqh3Hl3YclQtIB4KUt5zAu3tk4eeT3Pfw3bMgQjvP8mdafifnleCrRtTVOh6y2X6JyY8COqd+aIpYnguQQ==",
            "secondary_blob_connection_string": "",
            "secondary_blob_endpoint": null,
            "secondary_blob_host": null,
            "secondary_connection_string": "DefaultEndpointsProtocol=https;AccountName=scenusa;AccountKey=lorLNqh3Hl3YclQtIB4KUt5zAu3tk4eeT3Pfw3bMgQjvP8mdafifnleCrRtTVOh6y2X6JyY8COqd+aIpYnguQQ==;EndpointSuffix=core.windows.net",
            "secondary_dfs_endpoint": null,
            "secondary_dfs_host": null,
            "secondary_file_endpoint": null,
            "secondary_file_host": null,
            "secondary_location": "",
            "secondary_queue_endpoint": null,
            "secondary_queue_host": null,
            "secondary_table_endpoint": null,
            "secondary_table_host": null,
            "secondary_web_endpoint": null,
            "secondary_web_host": null,
            "static_website": [],
            "tags": null,
            "timeouts": null
          },
          "private": "eyJlMmJmYjczMC1lY2FhLTExZTYtOGY4OC0zNDM2M2JjN2M0YzAiOnsiY3JlYXRlIjozNjAwMDAwMDAwMDAwLCJkZWxldGUiOjM2MDAwMDAwMDAwMDAsInJlYWQiOjMwMDAwMDAwMDAwMCwidXBkYXRlIjozNjAwMDAwMDAwMDAwfSwic2NoZW1hX3ZlcnNpb24iOiIyIn0=",
          "dependencies": [
            "azurerm_resource_group.rges"
          ]
        }
      ]
    }
  ]
}
